
Microsoft Visual Studio Solution File, Format Version 12.00
# Visual Studio Version 16
VisualStudioVersion = 16.0.31613.86
MinimumVisualStudioVersion = 10.0.40219.1
Project("{FAE04EC0-301F-11D3-BF4B-00C04F79EFBC}") = "linebot test2", "linebot test2.csproj", "{0E9F2483-ED65-416B-9981-C5EF0C353A09}"
EndProject
Global
	GlobalSection(SolutionConfigurationPlatforms) = preSolution
		Debug|Any CPU = Debug|Any CPU
		Release|Any CPU = Release|Any CPU
	EndGlobalSection
	GlobalSection(ProjectConfigurationPlatforms) = postSolution
		{0E9F2483-ED65-416B-9981-C5EF0C353A09}.Debug|Any CPU.ActiveCfg = Debug|Any CPU
		{0E9F2483-ED65-416B-9981-C5EF0C353A09}.Debug|Any CPU.Build.0 = Debug|Any CPU
		{0E9F2483-ED65-416B-9981-C5EF0C353A09}.Release|Any CPU.ActiveCfg = Release|Any CPU
		{0E9F2483-ED65-416B-9981-C5EF0C353A09}.Release|Any CPU.Build.0 = Release|Any CPU
	EndGlobalSection
	GlobalSection(SolutionProperties) = preSolution
		HideSolutionNode = FALSE
	EndGlobalSection
	GlobalSection(ExtensibilityGlobals) = postSolution
		SolutionGuid = {8ED36A15-D35D-4FC6-9890-CB59997C4173}
	EndGlobalSection
EndGlobal
