
Microsoft Visual Studio Solution File, Format Version 12.00
# Visual Studio Version 16
VisualStudioVersion = 16.0.29306.81
MinimumVisualStudioVersion = 10.0.40219.1
Project("{FAE04EC0-301F-11D3-BF4B-00C04F79EFBC}") = "WebApplication3", "WebApplication3\WebApplication3.csproj", "{EA1C0383-A141-483B-9769-7AB2F6CEB611}"
EndProject
Global
	GlobalSection(SolutionConfigurationPlatforms) = preSolution
		Debug|Any CPU = Debug|Any CPU
		Release|Any CPU = Release|Any CPU
	EndGlobalSection
	GlobalSection(ProjectConfigurationPlatforms) = postSolution
		{EA1C0383-A141-483B-9769-7AB2F6CEB611}.Debug|Any CPU.ActiveCfg = Debug|Any CPU
		{EA1C0383-A141-483B-9769-7AB2F6CEB611}.Debug|Any CPU.Build.0 = Debug|Any CPU
		{EA1C0383-A141-483B-9769-7AB2F6CEB611}.Release|Any CPU.ActiveCfg = Release|Any CPU
		{EA1C0383-A141-483B-9769-7AB2F6CEB611}.Release|Any CPU.Build.0 = Release|Any CPU
	EndGlobalSection
	GlobalSection(SolutionProperties) = preSolution
		HideSolutionNode = FALSE
	EndGlobalSection
	GlobalSection(ExtensibilityGlobals) = postSolution
		SolutionGuid = {11C6056B-2AB6-48FD-9593-F8C5E71465C0}
	EndGlobalSection
EndGlobal
